<?xml version="1.0" encoding="utf-8"?>
<Project ToolsVersion="4.0" xmlns="http://schemas.microsoft.com/developer/msbuild/2003">
  <ItemGroup>
    <ClCompile Include="Source\Main\Engine\Audio\Audio_Player.cpp" />
    <ClCompile Include="Source\Main\Engine\Objects\BaseObject.cpp" />
    <ClCompile Include="Source\Main\Engine\State\StateList.cpp" />
    <ClCompile Include="Source\Main\Engine\State\StateManager.cpp" />
    <ClCompile Include="Source\Main\Engine\System\InputManager.cpp" />
    <ClCompile Include="Source\Main\Engine\System\LuaSystem.cpp" />
    <ClCompile Include="Source\Main\Engine\System\RenderSystem.cpp" />
    <ClCompile Include="Source\Main\Engine\System\SceneSystem.cpp" />
    <ClCompile Include="Source\Main\Game\Miscellaneous\Button.cpp" />
    <ClCompile Include="Source\Main\Game\Miscellaneous\Description.cpp" />
    <ClCompile Include="Source\Main\Game\AI\AIBehaviors\AIAllAttack.cpp" />
    <ClCompile Include="Source\Main\Game\AI\AIBase.cpp" />
    <ClCompile Include="Source\Main\Game\AI\AIBehaviors\AIBuffDebuff.cpp" />
    <ClCompile Include="Source\Main\Game\AI\AIBehaviors\AICombined.cpp" />
    <ClCompile Include="Source\Main\Game\AI\AIBehaviors\AIDefault.cpp" />
    <ClCompile Include="Source\Main\Game\AI\AIStateManager.cpp" />
    <ClCompile Include="Source\Main\Game\AI\AIBehaviors\AIStatusEffect.cpp" />
    <ClCompile Include="Source\Main\Game\Objects\Characters\CharacterEntity.cpp" />
    <ClCompile Include="Source\Main\Game\Objects\Characters\Mage.cpp" />
    <ClCompile Include="Source\Main\Game\Objects\Characters\Player.cpp" />
    <ClCompile Include="Source\Main\Game\Objects\Characters\Priest.cpp" />
    <ClCompile Include="Source\Main\Game\Objects\Items\Consumables.cpp" />
    <ClCompile Include="Source\Main\Game\Objects\Items\ItemEntity.cpp" />
    <ClCompile Include="Source\Main\Game\Objects\Characters\Skill.cpp" />
    <ClCompile Include="Source\Main\Game\Objects\Items\Resource.cpp" />
    <ClCompile Include="Source\Main\Game\Objects\Miscellaneous\Boundary.cpp" />
    <ClCompile Include="Source\Main\Game\Objects\Miscellaneous\Boundary2D.cpp" />
    <ClCompile Include="Source\Main\Game\Objects\Miscellaneous\Projection.cpp" />
    <ClCompile Include="Source\Main\Game\Objects\Characters\Warrior.cpp" />
    <ClCompile Include="Source\Main\Game\Systems\BattleSystem.cpp" />
    <ClCompile Include="Source\Main\Game\Systems\EventSystem.cpp" />
    <ClCompile Include="Source\Main\Game\Systems\ObjectManager.cpp" />
    <ClCompile Include="Source\Main\Game\Mains\Application.cpp" />
    <ClCompile Include="Source\Main\Game\Miscellaneous\Camera.cpp" />
    <ClCompile Include="Source\Main\Game\Mains\main.cpp" />
    <ClCompile Include="Source\Main\Game\Miscellaneous\MeshBuilder.cpp" />
    <ClCompile Include="Source\Main\Game\Scene\Scene_Assignment1.cpp" />
    <ClCompile Include="Source\Main\Game\Scene\SceneBase.cpp" />
    <ClCompile Include="Source\Main\Game\Miscellaneous\DescriptionText.cpp" />
    <ClCompile Include="Source\Main\Game\Scene\MainMenu.cpp" />
    <ClCompile Include="Source\Main\Game\AI\AIBattlePlanner.cpp" />
    <ClCompile Include="Source\Main\Game\Scene\SceneBattles.cpp" />
    <ClCompile Include="Source\Main\Game\Scene\SplashScreen.cpp" />
    <ClCompile Include="Source\Main\Game\Objects\Miscellaneous\BattleButton.cpp" />
    <ClCompile Include="Source\Main\Game\Objects\Miscellaneous\InventoryButtons.cpp" />
  </ItemGroup>
  <ItemGroup>
    <ClInclude Include="Source\Main\Engine\Audio\Audio_Player.h" />
    <ClInclude Include="Source\Main\Engine\Internal\Entity.h" />
    <ClInclude Include="Source\Main\Engine\Internal\SingletonTemplate.h" />
    <ClInclude Include="Source\Main\Engine\Internal\System.h" />
    <ClInclude Include="Source\Main\Engine\Lua\lauxlib.h" />
    <ClInclude Include="Source\Main\Engine\Lua\lua.h" />
    <ClInclude Include="Source\Main\Engine\Lua\lua.hpp" />
    <ClInclude Include="Source\Main\Engine\Lua\luaconf.h" />
    <ClInclude Include="Source\Main\Engine\Lua\lualib.h" />
    <ClInclude Include="Source\Main\Engine\Objects\BaseObject.h" />
    <ClInclude Include="Source\Main\Engine\Objects\SceneEntity.h" />
    <ClInclude Include="Source\Main\Engine\State\State.h" />
    <ClInclude Include="Source\Main\Engine\State\StateList.h" />
    <ClInclude Include="Source\Main\Engine\State\StateManager.h" />
    <ClInclude Include="Main\Engine\System\Internal\Entity.h" />
    <ClInclude Include="Main\Engine\System\Internal\SingletonTemplate.h" />
    <ClInclude Include="Main\Engine\System\Internal\System.h" />
    <ClInclude Include="Source\Main\Engine\System\InputManager.h" />
    <ClInclude Include="Source\Main\Engine\System\LuaSystem.h" />
    <ClInclude Include="Source\Main\Engine\System\RenderSystem.h" />
    <ClInclude Include="Source\Main\Engine\System\SceneSystem.h" />
    <ClInclude Include="Main\Engine\System\State\State.h" />
    <ClInclude Include="Main\Engine\System\State\StateList.h" />
    <ClInclude Include="Main\Engine\System\State\StateManager.h" />
    <ClInclude Include="Source\Main\Game\Miscellaneous\Button.h" />
    <ClInclude Include="Source\Main\Game\Miscellaneous\Description.h" />
    <ClInclude Include="Source\Main\Game\AI\AIBehaviors\AIAllAttack.h" />
    <ClInclude Include="Source\Main\Game\AI\AIBase.h" />
    <ClInclude Include="Source\Main\Game\AI\AIBehaviors\AIBuffDebuff.h" />
    <ClInclude Include="Source\Main\Game\AI\AIBehaviors\AICombined.h" />
    <ClInclude Include="Source\Main\Game\AI\AIBehaviors\AIDefault.h" />
    <ClInclude Include="Source\Main\Game\AI\AIStateManager.h" />
    <ClInclude Include="Source\Main\Game\AI\AIBehaviors\AIStatusEffect.h" />
    <ClInclude Include="Source\Main\Game\Miscellaneous\DetectMemoryLeak.h" />
    <ClInclude Include="Source\Main\Game\Objects\Characters\CharacterEntity.h" />
    <ClInclude Include="Source\Main\Game\Objects\Characters\Mage.h" />
    <ClInclude Include="Source\Main\Game\Objects\Characters\Player.h" />
    <ClInclude Include="Source\Main\Game\Objects\Characters\Priest.h" />
    <ClInclude Include="Source\Main\Game\Objects\Items\Consumables.h" />
    <ClInclude Include="Source\Main\Game\Objects\Items\ItemEntity.h" />
    <ClInclude Include="Source\Main\Game\Objects\Characters\Skill.h" />
    <ClInclude Include="Source\Main\Game\Objects\Characters\CharacterDatabase.h" />
    <ClInclude Include="Source\Main\Game\Objects\Items\Resource.h" />
    <ClInclude Include="Source\Main\Game\Objects\Miscellaneous\Boundary.h" />
    <ClInclude Include="Source\Main\Game\Objects\Miscellaneous\Boundary2D.h" />
    <ClInclude Include="Source\Main\Game\Objects\Miscellaneous\Projection.h" />
    <ClInclude Include="Source\Main\Game\Objects\Characters\Warrior.h" />
    <ClInclude Include="Source\Main\Game\Systems\BattleSystem.h" />
    <ClInclude Include="Source\Main\Game\Systems\EventSystem.h" />
    <ClInclude Include="Source\Main\Game\Systems\ObjectManager.h" />
    <ClInclude Include="Main\Engine\System\Objects\BaseObject.h" />
    <ClInclude Include="Main\Engine\System\Objects\CharacterEntity.h" />
    <ClInclude Include="Source\Main\Game\Mains\Application.h" />
    <ClInclude Include="Source\Main\Game\Miscellaneous\Camera.h" />
    <ClInclude Include="Source\Main\Game\Miscellaneous\MeshBuilder.h" />
    <ClInclude Include="Source\Main\Game\Scene\Scene.h" />
    <ClInclude Include="Source\Main\Game\Scene\Scene_Assignment1.h" />
    <ClInclude Include="Source\Main\Game\Scene\SceneBase.h" />
    <ClInclude Include="Source\Main\Game\Miscellaneous\DescriptionText.h" />
    <ClInclude Include="Source\Main\Game\Scene\MainMenu.h" />
    <ClInclude Include="Source\Main\Game\AI\AIBattlePlanner.h" />
    <ClInclude Include="Source\Main\Game\Scene\SceneBattles.h" />
    <ClInclude Include="Source\Main\Game\Scene\SplashScreen.h" />
    <ClInclude Include="Source\Main\Game\Objects\Miscellaneous\BattleButton.h" />
    <ClInclude Include="Source\Main\Game\Objects\Miscellaneous\InventoryButtons.h" />
  </ItemGroup>
  <ItemGroup>
    <None Include="Shader\comg.fragmentshader" />
    <None Include="Shader\comg.vertexshader" />
    <None Include="Shader\GPass.fragmentshader" />
    <None Include="Shader\GPass.vertexshader" />
    <None Include="Shader\Shadow.fragmentshader" />
    <None Include="Shader\Shadow.vertexshader" />
  </ItemGroup>
</Project>